// !$*UTF8*$!
{
	archiveVersion = 1;
	classes = {
	};
	objectVersion = 48;
	objects = {

/* Begin PBXBuildFile section */
		81A2E3482045F50900658609 /* AppDelegate.swift in Sources */ = {isa = PBXBuildFile; fileRef = 81A2E3472045F50900658609 /* AppDelegate.swift */; };
		81A2E34A2045F50900658609 /* ViewController.swift in Sources */ = {isa = PBXBuildFile; fileRef = 81A2E3492045F50900658609 /* ViewController.swift */; };
		81A2E34D2045F50900658609 /* Main.storyboard in Resources */ = {isa = PBXBuildFile; fileRef = 81A2E34B2045F50900658609 /* Main.storyboard */; };
		81A2E34F2045F50900658609 /* Assets.xcassets in Resources */ = {isa = PBXBuildFile; fileRef = 81A2E34E2045F50900658609 /* Assets.xcassets */; };
		81A2E3522045F50900658609 /* LaunchScreen.storyboard in Resources */ = {isa = PBXBuildFile; fileRef = 81A2E3502045F50900658609 /* LaunchScreen.storyboard */; };
		81A2E35A2045FB1C00658609 /* MapKit.framework in Frameworks */ = {isa = PBXBuildFile; fileRef = 81A2E3592045FB1C00658609 /* MapKit.framework */; };
		81A2E35C2045FE2000658609 /* TableViewController.swift in Sources */ = {isa = PBXBuildFile; fileRef = 81A2E35B2045FE2000658609 /* TableViewController.swift */; };
		81A2E35E204602EA00658609 /* Place.swift in Sources */ = {isa = PBXBuildFile; fileRef = 81A2E35D204602EA00658609 /* Place.swift */; };
		A7214771D619F5135712C8CA /* Pods_NearbySearch.framework in Frameworks */ = {isa = PBXBuildFile; fileRef = 315D34E5829FAE9F0EA134C5 /* Pods_NearbySearch.framework */; };
/* End PBXBuildFile section */

/* Begin PBXFileReference section */
		315D34E5829FAE9F0EA134C5 /* Pods_NearbySearch.framework */ = {isa = PBXFileReference; explicitFileType = wrapper.framework; includeInIndex = 0; path = Pods_NearbySearch.framework; sourceTree = BUILT_PRODUCTS_DIR; };
		81A2E3442045F50900658609 /* NearbySearch.app */ = {isa = PBXFileReference; explicitFileType = wrapper.application; includeInIndex = 0; path = NearbySearch.app; sourceTree = BUILT_PRODUCTS_DIR; };
		81A2E3472045F50900658609 /* AppDelegate.swift */ = {isa = PBXFileReference; lastKnownFileType = sourcecode.swift; path = AppDelegate.swift; sourceTree = "<group>"; };
		81A2E3492045F50900658609 /* ViewController.swift */ = {isa = PBXFileReference; lastKnownFileType = sourcecode.swift; path = ViewController.swift; sourceTree = "<group>"; };
		81A2E34C2045F50900658609 /* Base */ = {isa = PBXFileReference; lastKnownFileType = file.storyboard; name = Base; path = Base.lproj/Main.storyboard; sourceTree = "<group>"; };
		81A2E34E2045F50900658609 /* Assets.xcassets */ = {isa = PBXFileReference; lastKnownFileType = folder.assetcatalog; path = Assets.xcassets; sourceTree = "<group>"; };
		81A2E3512045F50900658609 /* Base */ = {isa = PBXFileReference; lastKnownFileType = file.storyboard; name = Base; path = Base.lproj/LaunchScreen.storyboard; sourceTree = "<group>"; };
		81A2E3532045F50900658609 /* Info.plist */ = {isa = PBXFileReference; lastKnownFileType = text.plist.xml; path = Info.plist; sourceTree = "<group>"; };
		81A2E3592045FB1C00658609 /* MapKit.framework */ = {isa = PBXFileReference; lastKnownFileType = wrapper.framework; name = MapKit.framework; path = System/Library/Frameworks/MapKit.framework; sourceTree = SDKROOT; };
		81A2E35B2045FE2000658609 /* TableViewController.swift */ = {isa = PBXFileReference; lastKnownFileType = sourcecode.swift; path = TableViewController.swift; sourceTree = "<group>"; };
		81A2E35D204602EA00658609 /* Place.swift */ = {isa = PBXFileReference; lastKnownFileType = sourcecode.swift; path = Place.swift; sourceTree = "<group>"; };
		D2390EBC8A5ED27BAA35069C /* Pods-NearbySearch.release.xcconfig */ = {isa = PBXFileReference; includeInIndex = 1; lastKnownFileType = text.xcconfig; name = "Pods-NearbySearch.release.xcconfig"; path = "Pods/Target Support Files/Pods-NearbySearch/Pods-NearbySearch.release.xcconfig"; sourceTree = "<group>"; };
		E974A0945F9F4947EF093D43 /* Pods-NearbySearch.debug.xcconfig */ = {isa = PBXFileReference; includeInIndex = 1; lastKnownFileType = text.xcconfig; name = "Pods-NearbySearch.debug.xcconfig"; path = "Pods/Target Support Files/Pods-NearbySearch/Pods-NearbySearch.debug.xcconfig"; sourceTree = "<group>"; };
/* End PBXFileReference section */

/* Begin PBXFrameworksBuildPhase section */
		81A2E3412045F50900658609 /* Frameworks */ = {
			isa = PBXFrameworksBuildPhase;
			buildActionMask = 2147483647;
			files = (
				81A2E35A2045FB1C00658609 /* MapKit.framework in Frameworks */,
				A7214771D619F5135712C8CA /* Pods_NearbySearch.framework in Frameworks */,
			);
			runOnlyForDeploymentPostprocessing = 0;
		};
/* End PBXFrameworksBuildPhase section */

/* Begin PBXGroup section */
		36325B8E2F45BB1682A4D911 /* Pods */ = {
			isa = PBXGroup;
			children = (
				E974A0945F9F4947EF093D43 /* Pods-NearbySearch.debug.xcconfig */,
				D2390EBC8A5ED27BAA35069C /* Pods-NearbySearch.release.xcconfig */,
			);
			name = Pods;
			sourceTree = "<group>";
		};
		44FD0C4E8ADF6BF65967CE01 /* Frameworks */ = {
			isa = PBXGroup;
			children = (
				81A2E3592045FB1C00658609 /* MapKit.framework */,
				315D34E5829FAE9F0EA134C5 /* Pods_NearbySearch.framework */,
			);
			name = Frameworks;
			sourceTree = "<group>";
		};
		81A2E33B2045F50900658609 = {
			isa = PBXGroup;
			children = (
				81A2E3462045F50900658609 /* NearbySearch */,
				81A2E3452045F50900658609 /* Products */,
				36325B8E2F45BB1682A4D911 /* Pods */,
				44FD0C4E8ADF6BF65967CE01 /* Frameworks */,
			);
			sourceTree = "<group>";
		};
		81A2E3452045F50900658609 /* Products */ = {
			isa = PBXGroup;
			children = (
				81A2E3442045F50900658609 /* NearbySearch.app */,
			);
			name = Products;
			sourceTree = "<group>";
		};
		81A2E3462045F50900658609 /* NearbySearch */ = {
			isa = PBXGroup;
			children = (
				81A2E3472045F50900658609 /* AppDelegate.swift */,
				81A2E3492045F50900658609 /* ViewController.swift */,
				81A2E34B2045F50900658609 /* Main.storyboard */,
				81A2E34E2045F50900658609 /* Assets.xcassets */,
				81A2E3502045F50900658609 /* LaunchScreen.storyboard */,
				81A2E3532045F50900658609 /* Info.plist */,
				81A2E35B2045FE2000658609 /* TableViewController.swift */,
				81A2E35D204602EA00658609 /* Place.swift */,
			);
			path = NearbySearch;
			sourceTree = "<group>";
		};
/* End PBXGroup section */

/* Begin PBXNativeTarget section */
		81A2E3432045F50900658609 /* NearbySearch */ = {
			isa = PBXNativeTarget;
			buildConfigurationList = 81A2E3562045F50900658609 /* Build configuration list for PBXNativeTarget "NearbySearch" */;
			buildPhases = (
				B7B2DC704BB4C6B38A6DA3E0 /* [CP] Check Pods Manifest.lock */,
				81A2E3402045F50900658609 /* Sources */,
				81A2E3412045F50900658609 /* Frameworks */,
				81A2E3422045F50900658609 /* Resources */,
				B62981F19A265DCAFEAE1664 /* [CP] Embed Pods Frameworks */,
				E96F67635335524CA7CBF41F /* [CP] Copy Pods Resources */,
			);
			buildRules = (
			);
			dependencies = (
			);
			name = NearbySearch;
			productName = NearbySearch;
			productReference = 81A2E3442045F50900658609 /* NearbySearch.app */;
			productType = "com.apple.product-type.application";
		};
/* End PBXNativeTarget section */

/* Begin PBXProject section */
		81A2E33C2045F50900658609 /* Project object */ = {
			isa = PBXProject;
			attributes = {
				LastSwiftUpdateCheck = 0920;
				LastUpgradeCheck = 0920;
				ORGANIZATIONNAME = "Mohamed Eshawy";
				TargetAttributes = {
					81A2E3432045F50900658609 = {
						CreatedOnToolsVersion = 9.2;
						ProvisioningStyle = Automatic;
					};
				};
			};
			buildConfigurationList = 81A2E33F2045F50900658609 /* Build configuration list for PBXProject "NearbySearch" */;
			compatibilityVersion = "Xcode 8.0";
			developmentRegion = en;
			hasScannedForEncodings = 0;
			knownRegions = (
				en,
				Base,
			);
			mainGroup = 81A2E33B2045F50900658609;
			productRefGroup = 81A2E3452045F50900658609 /* Products */;
			projectDirPath = "";
			projectRoot = "";
			targets = (
				81A2E3432045F50900658609 /* NearbySearch */,
			);
		};
/* End PBXProject section */

/* Begin PBXResourcesBuildPhase section */
		81A2E3422045F50900658609 /* Resources */ = {
			isa = PBXResourcesBuildPhase;
			buildActionMask = 2147483647;
			files = (
				81A2E3522045F50900658609 /* LaunchScreen.storyboard in Resources */,
				81A2E34F2045F50900658609 /* Assets.xcassets in Resources */,
				81A2E34D2045F50900658609 /* Main.storyboard in Resources */,
			);
			runOnlyForDeploymentPostprocessing = 0;
		};
/* End PBXResourcesBuildPhase section */

/* Begin PBXShellScriptBuildPhase section */
		B62981F19A265DCAFEAE1664 /* [CP] Embed Pods Frameworks */ = {
			isa = PBXShellScriptBuildPhase;
			buildActionMask = 2147483647;
			files = (
			);
			inputPaths = (
				"${SRCROOT}/Pods/Target Support Files/Pods-NearbySearch/Pods-NearbySearch-frameworks.sh",
				"${BUILT_PRODUCTS_DIR}/Alamofire/Alamofire.framework",
				"${BUILT_PRODUCTS_DIR}/AlamofireImage/AlamofireImage.framework",
				"${BUILT_PRODUCTS_DIR}/HCSStarRatingView/HCSStarRatingView.framework",
				"${BUILT_PRODUCTS_DIR}/SwiftyJSON/SwiftyJSON.framework",
			);
			name = "[CP] Embed Pods Frameworks";
			outputPaths = (
				"${TARGET_BUILD_DIR}/${FRAMEWORKS_FOLDER_PATH}/Alamofire.framework",
				"${TARGET_BUILD_DIR}/${FRAMEWORKS_FOLDER_PATH}/AlamofireImage.framework",
				"${TARGET_BUILD_DIR}/${FRAMEWORKS_FOLDER_PATH}/HCSStarRatingView.framework",
				"${TARGET_BUILD_DIR}/${FRAMEWORKS_FOLDER_PATH}/SwiftyJSON.framework",
			);
			runOnlyForDeploymentPostprocessing = 0;
			shellPath = /bin/sh;
			shellScript = "\"${SRCROOT}/Pods/Target Support Files/Pods-NearbySearch/Pods-NearbySearch-frameworks.sh\"\n";
			showEnvVarsInLog = 0;
		};
		B7B2DC704BB4C6B38A6DA3E0 /* [CP] Check Pods Manifest.lock */ = {
			isa = PBXShellScriptBuildPhase;
			buildActionMask = 2147483647;
			files = (
			);
			inputPaths = (
				"${PODS_PODFILE_DIR_PATH}/Podfile.lock",
				"${PODS_ROOT}/Manifest.lock",
			);
			name = "[CP] Check Pods Manifest.lock";
			outputPaths = (
				"$(DERIVED_FILE_DIR)/Pods-NearbySearch-checkManifestLockResult.txt",
			);
			runOnlyForDeploymentPostprocessing = 0;
			shellPath = /bin/sh;
			shellScript = "diff \"${PODS_PODFILE_DIR_PATH}/Podfile.lock\" \"${PODS_ROOT}/Manifest.lock\" > /dev/null\nif [ $? != 0 ] ; then\n    # print error to STDERR\n    echo \"error: The sandbox is not in sync with the Podfile.lock. Run 'pod install' or update your CocoaPods installation.\" >&2\n    exit 1\nfi\n# This output is used by Xcode 'outputs' to avoid re-running this script phase.\necho \"SUCCESS\" > \"${SCRIPT_OUTPUT_FILE_0}\"\n";
			showEnvVarsInLog = 0;
		};
		E96F67635335524CA7CBF41F /* [CP] Copy Pods Resources */ = {
			isa = PBXShellScriptBuildPhase;
			buildActionMask = 2147483647;
			files = (
			);
			inputPaths = (
				"${SRCROOT}/Pods/Target Support Files/Pods-NearbySearch/Pods-NearbySearch-resources.sh",
				"${PODS_ROOT}/GoogleMaps/Maps/Frameworks/GoogleMaps.framework/Resources/GoogleMaps.bundle",
				"${PODS_ROOT}/GooglePlaces/Frameworks/GooglePlaces.framework/Resources/GooglePlaces.bundle",
			);
			name = "[CP] Copy Pods Resources";
			outputPaths = (
				"${TARGET_BUILD_DIR}/${UNLOCALIZED_RESOURCES_FOLDER_PATH}",
			);
			runOnlyForDeploymentPostprocessing = 0;
			shellPath = /bin/sh;
			shellScript = "\"${SRCROOT}/Pods/Target Support Files/Pods-NearbySearch/Pods-NearbySearch-resources.sh\"\n";
			showEnvVarsInLog = 0;
		};
/* End PBXShellScriptBuildPhase section */

/* Begin PBXSourcesBuildPhase section */
		81A2E3402045F50900658609 /* Sources */ = {
			isa = PBXSourcesBuildPhase;
			buildActionMask = 2147483647;
			files = (
				81A2E34A2045F50900658609 /* ViewController.swift in Sources */,
				81A2E35C2045FE2000658609 /* TableViewController.swift in Sources */,
				81A2E3482045F50900658609 /* AppDelegate.swift in Sources */,
				81A2E35E204602EA00658609 /* Place.swift in Sources */,
			);
			runOnlyForDeploymentPostprocessing = 0;
		};
/* End PBXSourcesBuildPhase section */

/* Begin PBXVariantGroup section */
		81A2E34B2045F50900658609 /* Main.storyboard */ = {
			isa = PBXVariantGroup;
			children = (
				81A2E34C2045F50900658609 /* Base */,
			);
			name = Main.storyboard;
			sourceTree = "<group>";
		};
		81A2E3502045F50900658609 /* LaunchScreen.storyboard */ = {
			isa = PBXVariantGroup;
			children = (
				81A2E3512045F50900658609 /* Base */,
			);
			name = LaunchScreen.storyboard;
			sourceTree = "<group>";
		};
/* End PBXVariantGroup section */

/* Begin XCBuildConfiguration section */
		81A2E3542045F50900658609 /* Debug */ = {
			isa = XCBuildConfiguration;
			buildSettings = {
				ALWAYS_SEARCH_USER_PATHS = NO;
				CLANG_ANALYZER_NONNULL = YES;
				CLANG_ANALYZER_NUMBER_OBJECT_CONVERSION = YES_AGGRESSIVE;
				CLANG_CXX_LANGUAGE_STANDARD = "gnu++14";
				CLANG_CXX_LIBRARY = "libc++";
				CLANG_ENABLE_MODULES = YES;
				CLANG_ENABLE_OBJC_ARC = YES;
				CLANG_WARN_BLOCK_CAPTURE_AUTORELEASING = YES;
				CLANG_WARN_BOOL_CONVERSION = YES;
				CLANG_WARN_COMMA = YES;
				CLANG_WARN_CONSTANT_CONVERSION = YES;
				CLANG_WARN_DIRECT_OBJC_ISA_USAGE = YES_ERROR;
				CLANG_WARN_DOCUMENTATION_COMMENTS = YES;
				CLANG_WARN_EMPTY_BODY = YES;
				CLANG_WARN_ENUM_CONVERSION = YES;
				CLANG_WARN_INFINITE_RECURSION = YES;
				CLANG_WARN_INT_CONVERSION = YES;
				CLANG_WARN_NON_LITERAL_NULL_CONVERSION = YES;
				CLANG_WARN_OBJC_LITERAL_CONVERSION = YES;
				CLANG_WARN_OBJC_ROOT_CLASS = YES_ERROR;
				CLANG_WARN_RANGE_LOOP_ANALYSIS = YES;
				CLANG_WARN_STRICT_PROTOTYPES = YES;
				CLANG_WARN_SUSPICIOUS_MOVE = YES;
				CLANG_WARN_UNGUARDED_AVAILABILITY = YES_AGGRESSIVE;
				CLANG_WARN_UNREACHABLE_CODE = YES;
				CLANG_WARN__DUPLICATE_METHOD_MATCH = YES;
				CODE_SIGN_IDENTITY = "iPhone Developer";
				COPY_PHASE_STRIP = NO;
				DEBUG_INFORMATION_FORMAT = dwarf;
				ENABLE_STRICT_OBJC_MSGSEND = YES;
				ENABLE_TESTABILITY = YES;
				GCC_C_LANGUAGE_STANDARD = gnu11;
				GCC_DYNAMIC_NO_PIC = NO;
				GCC_NO_COMMON_BLOCKS = YES;
				GCC_OPTIMIZATION_LEVEL = 0;
				GCC_PREPROCESSOR_DEFINITIONS = (
					"DEBUG=1",
					"$(inherited)",
				);
				GCC_WARN_64_TO_32_BIT_CONVERSION = YES;
				GCC_WARN_ABOUT_RETURN_TYPE = YES_ERROR;
				GCC_WARN_UNDECLARED_SELECTOR = YES;
				GCC_WARN_UNINITIALIZED_AUTOS = YES_AGGRESSIVE;
				GCC_WARN_UNUSED_FUNCTION = YES;
				GCC_WARN_UNUSED_VARIABLE = YES;
				IPHONEOS_DEPLOYMENT_TARGET = 11.2;
				MTL_ENABLE_DEBUG_INFO = YES;
				ONLY_ACTIVE_ARCH = YES;
				SDKROOT = iphoneos;
				SWIFT_ACTIVE_COMPILATION_CONDITIONS = DEBUG;
				SWIFT_OPTIMIZATION_LEVEL = "-Onone";
			};
			name = Debug;
		};
		81A2E3552045F50900658609 /* Release */ = {
			isa = XCBuildConfiguration;
			buildSettings = {
				ALWAYS_SEARCH_USER_PATHS = NO;
				CLANG_ANALYZER_NONNULL = YES;
				CLANG_ANALYZER_NUMBER_OBJECT_CONVERSION = YES_AGGRESSIVE;
				CLANG_CXX_LANGUAGE_STANDARD = "gnu++14";
				CLANG_CXX_LIBRARY = "libc++";
				CLANG_ENABLE_MODULES = YES;
				CLANG_ENABLE_OBJC_ARC = YES;
				CLANG_WARN_BLOCK_CAPTURE_AUTORELEASING = YES;
				CLANG_WARN_BOOL_CONVERSION = YES;
				CLANG_WARN_COMMA = YES;
				CLANG_WARN_CONSTANT_CONVERSION = YES;
				CLANG_WARN_DIRECT_OBJC_ISA_USAGE = YES_ERROR;
				CLANG_WARN_DOCUMENTATION_COMMENTS = YES;
				CLANG_WARN_EMPTY_BODY = YES;
				CLANG_WARN_ENUM_CONVERSION = YES;
				CLANG_WARN_INFINITE_RECURSION = YES;
				CLANG_WARN_INT_CONVERSION = YES;
				CLANG_WARN_NON_LITERAL_NULL_CONVERSION = YES;
				CLANG_WARN_OBJC_LITERAL_CONVERSION = YES;
				CLANG_WARN_OBJC_ROOT_CLASS = YES_ERROR;
				CLANG_WARN_RANGE_LOOP_ANALYSIS = YES;
				CLANG_WARN_STRICT_PROTOTYPES = YES;
				CLANG_WARN_SUSPICIOUS_MOVE = YES;
				CLANG_WARN_UNGUARDED_AVAILABILITY = YES_AGGRESSIVE;
				CLANG_WARN_UNREACHABLE_CODE = YES;
				CLANG_WARN__DUPLICATE_METHOD_MATCH = YES;
				CODE_SIGN_IDENTITY = "iPhone Developer";
				COPY_PHASE_STRIP = NO;
				DEBUG_INFORMATION_FORMAT = "dwarf-with-dsym";
				ENABLE_NS_ASSERTIONS = NO;
				ENABLE_STRICT_OBJC_MSGSEND = YES;
				GCC_C_LANGUAGE_STANDARD = gnu11;
				GCC_NO_COMMON_BLOCKS = YES;
				GCC_WARN_64_TO_32_BIT_CONVERSION = YES;
				GCC_WARN_ABOUT_RETURN_TYPE = YES_ERROR;
				GCC_WARN_UNDECLARED_SELECTOR = YES;
				GCC_WARN_UNINITIALIZED_AUTOS = YES_AGGRESSIVE;
				GCC_WARN_UNUSED_FUNCTION = YES;
				GCC_WARN_UNUSED_VARIABLE = YES;
				IPHONEOS_DEPLOYMENT_TARGET = 11.2;
				MTL_ENABLE_DEBUG_INFO = NO;
				SDKROOT = iphoneos;
				SWIFT_OPTIMIZATION_LEVEL = "-Owholemodule";
				VALIDATE_PRODUCT = YES;
			};
			name = Release;
		};
		81A2E3572045F50900658609 /* Debug */ = {
			isa = XCBuildConfiguration;
			baseConfigurationReference = E974A0945F9F4947EF093D43 /* Pods-NearbySearch.debug.xcconfig */;
			buildSettings = {
				ASSETCATALOG_COMPILER_APPICON_NAME = AppIcon;
				CODE_SIGN_STYLE = Automatic;
				INFOPLIST_FILE = NearbySearch/Info.plist;
				LD_RUNPATH_SEARCH_PATHS = "$(inherited) @executable_path/Frameworks";
				PRODUCT_BUNDLE_IDENTIFIER = CapitalStar.NearbySearch;
				PRODUCT_NAME = "$(TARGET_NAME)";
				SWIFT_VERSION = 4.0;
				TARGETED_DEVICE_FAMILY = "1,2";
			};
			name = Debug;
		};
		81A2E3582045F50900658609 /* Release */ = {
			isa = XCBuildConfiguration;
			baseConfigurationReference = D2390EBC8A5ED27BAA35069C /* Pods-NearbySearch.release.xcconfig */;
			buildSettings = {
				ASSETCATALOG_COMPILER_APPICON_NAME = AppIcon;
				CODE_SIGN_STYLE = Automatic;
				INFOPLIST_FILE = NearbySearch/Info.plist;
				LD_RUNPATH_SEARCH_PATHS = "$(inherited) @executable_path/Frameworks";
				PRODUCT_BUNDLE_IDENTIFIER = CapitalStar.NearbySearch;
				PRODUCT_NAME = "$(TARGET_NAME)";
				SWIFT_VERSION = 4.0;
				TARGETED_DEVICE_FAMILY = "1,2";
			};
			name = Release;
		};
/* End XCBuildConfiguration section */

/* Begin XCConfigurationList section */
		81A2E33F2045F50900658609 /* Build configuration list for PBXProject "NearbySearch" */ = {
			isa = XCConfigurationList;
			buildConfigurations = (
				81A2E3542045F50900658609 /* Debug */,
				81A2E3552045F50900658609 /* Release */,
			);
			defaultConfigurationIsVisible = 0;
			defaultConfigurationName = Release;
		};
		81A2E3562045F50900658609 /* Build configuration list for PBXNativeTarget "NearbySearch" */ = {
			isa = XCConfigurationList;
			buildConfigurations = (
				81A2E3572045F50900658609 /* Debug */,
				81A2E3582045F50900658609 /* Release */,
			);
			defaultConfigurationIsVisible = 0;
			defaultConfigurationName = Release;
		};
/* End XCConfigurationList section */
	};
	rootObject = 81A2E33C2045F50900658609 /* Project object */;
}
